
Microsoft Visual Studio Solution File, Format Version 12.00
# Visual Studio Version 17
VisualStudioVersion = 17.3.32929.385
MinimumVisualStudioVersion = 10.0.40219.1
Project("{FAE04EC0-301F-11D3-BF4B-00C04F79EFBC}") = "CayNhiPhan_NQK", "CayNhiPhan_NQK\CayNhiPhan_NQK.csproj", "{2155342E-F659-4FCA-8595-5F336CCEE5BF}"
EndProject
Global
	GlobalSection(SolutionConfigurationPlatforms) = preSolution
		Debug|Any CPU = Debug|Any CPU
		Release|Any CPU = Release|Any CPU
	EndGlobalSection
	GlobalSection(ProjectConfigurationPlatforms) = postSolution
		{2155342E-F659-4FCA-8595-5F336CCEE5BF}.Debug|Any CPU.ActiveCfg = Debug|Any CPU
		{2155342E-F659-4FCA-8595-5F336CCEE5BF}.Debug|Any CPU.Build.0 = Debug|Any CPU
		{2155342E-F659-4FCA-8595-5F336CCEE5BF}.Release|Any CPU.ActiveCfg = Release|Any CPU
		{2155342E-F659-4FCA-8595-5F336CCEE5BF}.Release|Any CPU.Build.0 = Release|Any CPU
	EndGlobalSection
	GlobalSection(SolutionProperties) = preSolution
		HideSolutionNode = FALSE
	EndGlobalSection
	GlobalSection(ExtensibilityGlobals) = postSolution
		SolutionGuid = {50ACFB37-51B8-4B6F-B679-0D40F9924AAF}
	EndGlobalSection
EndGlobal
